{
  "name": "@fluencelabs/aqua-ipfs",
  "version": "0.6.0",
  "lockfileVersion": 3,
  "requires": true,
  "packages": {
    "": {
      "name": "@fluencelabs/aqua-ipfs",
      "version": "0.6.0",
      "license": "MIT",
      "dependencies": {
        "@fluencelabs/aqua-lib": "0.10.2"
      }
    },
    "node_modules/@fluencelabs/aqua-lib": {
      "version": "0.10.2",
      "resolved": "https://registry.npmjs.org/@fluencelabs/aqua-lib/-/aqua-lib-0.10.2.tgz",
      "integrity": "sha512-f3jL1kqHcP+tLpvD+QlVV51ZIptbStXfPSiDO+3SPurmcNWix8JZbQNQ+3t/BjCkHL8aw5r8vuuadPzftuVX/g=="
    }
  }
}
