{
  "name": "@fluencelabs/aqua-ipfs",
  "version": "0.1.12",
  "lockfileVersion": 1,
  "requires": true,
  "dependencies": {
    "@fluencelabs/aqua": {
      "version": "0.3.0-224",
      "resolved": "https://registry.npmjs.org/@fluencelabs/aqua/-/aqua-0.3.0-224.tgz",
      "integrity": "sha512-6rcs79Rub2LLOBHYiZu7AVeHH9aLG4qnhYiefneuLtn1G7npPUVFYbkuO1TSJ4zilq7cvP/IqJEhc6CLDx4f8g==",
      "dev": true
    },
    "@fluencelabs/aqua-lib": {
      "version": "0.1.14",
      "resolved": "https://registry.npmjs.org/@fluencelabs/aqua-lib/-/aqua-lib-0.1.14.tgz",
      "integrity": "sha512-H2Q4gIvociUxc4J2mwmH0D+mrU2N2Z+enKCHgBCanMVEE2wZDsZ80GTbDKsQjEq+gpqbnJIk8lJBYW6lyvLJTg=="
    }
  }
}
