{
  "name": "@fluencelabs/aqua-ipfs",
  "version": "0.6.0",
  "lockfileVersion": 3,
  "requires": true,
  "packages": {
    "": {
      "name": "@fluencelabs/aqua-ipfs",
      "version": "0.6.0",
      "license": "MIT",
      "dependencies": {
        "@fluencelabs/aqua-lib": "0.10.1"
      }
    },
    "node_modules/@fluencelabs/aqua-lib": {
      "version": "0.10.1",
      "resolved": "https://registry.npmjs.org/@fluencelabs/aqua-lib/-/aqua-lib-0.10.1.tgz",
      "integrity": "sha512-zwg7faVsmUmfiV5EScVs0p+BArzJzFRfgjcigKzoxB5DvQRb64+OSs7Pmt8flSfV4iprPf1RQT9vhsDvdOsK0g=="
    }
  }
}
